
Microsoft Visual Studio Solution File, Format Version 12.00
# Visual Studio Version 17
VisualStudioVersion = 17.11.35327.3
MinimumVisualStudioVersion = 10.0.40219.1
Project("{FAE04EC0-301F-11D3-BF4B-00C04F79EFBC}") = "RDC proyecto", "RDC proyecto\RDC proyecto.csproj", "{B8F2247F-469D-4488-9C60-6B0E976B6418}"
EndProject
Project("{2150E333-8FDC-42A3-9474-1A3956D46DE8}") = "Elementos de la solución", "Elementos de la solución", "{DB388245-A89F-4F77-A52F-ED242F34A3BA}"
	ProjectSection(SolutionItems) = preProject
		BDGeneral.cs = BDGeneral.cs
	EndProjectSection
EndProject
Global
	GlobalSection(SolutionConfigurationPlatforms) = preSolution
		Debug|Any CPU = Debug|Any CPU
		Release|Any CPU = Release|Any CPU
	EndGlobalSection
	GlobalSection(ProjectConfigurationPlatforms) = postSolution
		{B8F2247F-469D-4488-9C60-6B0E976B6418}.Debug|Any CPU.ActiveCfg = Debug|Any CPU
		{B8F2247F-469D-4488-9C60-6B0E976B6418}.Debug|Any CPU.Build.0 = Debug|Any CPU
		{B8F2247F-469D-4488-9C60-6B0E976B6418}.Release|Any CPU.ActiveCfg = Release|Any CPU
		{B8F2247F-469D-4488-9C60-6B0E976B6418}.Release|Any CPU.Build.0 = Release|Any CPU
	EndGlobalSection
	GlobalSection(SolutionProperties) = preSolution
		HideSolutionNode = FALSE
	EndGlobalSection
	GlobalSection(ExtensibilityGlobals) = postSolution
		SolutionGuid = {3CABE79C-227A-44A9-B1EF-D31F558A7599}
	EndGlobalSection
EndGlobal
